
Microsoft Visual Studio Solution File, Format Version 12.00
Project("{2150E333-8FDC-42A3-9474-1A3956D46DE8}") = "Solution Items", "Solution Items", "{D4FF6935-8D0D-45BF-8BEE-60298CA9AF9E}"
	ProjectSection(SolutionItems) = preProject
		docker-compose.yml = docker-compose.yml
	EndProjectSection
EndProject
Project("{FAE04EC0-301F-11D3-BF4B-00C04F79EFBC}") = "Domain", "Domain\Domain.csproj", "{05CC4ED1-6FB9-40EB-8926-4009B03F30FC}"
EndProject
Project("{FAE04EC0-301F-11D3-BF4B-00C04F79EFBC}") = "Infrastructure", "Infrastructure\Infrastructure.csproj", "{C4CD7A56-9C74-4CA5-9016-3DAB9D1573B4}"
EndProject
Project("{FAE04EC0-301F-11D3-BF4B-00C04F79EFBC}") = "Application", "Application\Application.csproj", "{E838055A-30DE-40F8-81FD-AF1223E66C62}"
EndProject
Project("{FAE04EC0-301F-11D3-BF4B-00C04F79EFBC}") = "API", "API\API.csproj", "{40F16352-054F-417C-A4B8-9A907FB8EA56}"
EndProject
Global
	GlobalSection(SolutionConfigurationPlatforms) = preSolution
		Debug|Any CPU = Debug|Any CPU
		Release|Any CPU = Release|Any CPU
	EndGlobalSection
	GlobalSection(ProjectConfigurationPlatforms) = postSolution
		{05CC4ED1-6FB9-40EB-8926-4009B03F30FC}.Debug|Any CPU.ActiveCfg = Debug|Any CPU
		{05CC4ED1-6FB9-40EB-8926-4009B03F30FC}.Debug|Any CPU.Build.0 = Debug|Any CPU
		{05CC4ED1-6FB9-40EB-8926-4009B03F30FC}.Release|Any CPU.ActiveCfg = Release|Any CPU
		{05CC4ED1-6FB9-40EB-8926-4009B03F30FC}.Release|Any CPU.Build.0 = Release|Any CPU
		{C4CD7A56-9C74-4CA5-9016-3DAB9D1573B4}.Debug|Any CPU.ActiveCfg = Debug|Any CPU
		{C4CD7A56-9C74-4CA5-9016-3DAB9D1573B4}.Debug|Any CPU.Build.0 = Debug|Any CPU
		{C4CD7A56-9C74-4CA5-9016-3DAB9D1573B4}.Release|Any CPU.ActiveCfg = Release|Any CPU
		{C4CD7A56-9C74-4CA5-9016-3DAB9D1573B4}.Release|Any CPU.Build.0 = Release|Any CPU
		{E838055A-30DE-40F8-81FD-AF1223E66C62}.Debug|Any CPU.ActiveCfg = Debug|Any CPU
		{E838055A-30DE-40F8-81FD-AF1223E66C62}.Debug|Any CPU.Build.0 = Debug|Any CPU
		{E838055A-30DE-40F8-81FD-AF1223E66C62}.Release|Any CPU.ActiveCfg = Release|Any CPU
		{E838055A-30DE-40F8-81FD-AF1223E66C62}.Release|Any CPU.Build.0 = Release|Any CPU
		{40F16352-054F-417C-A4B8-9A907FB8EA56}.Debug|Any CPU.ActiveCfg = Debug|Any CPU
		{40F16352-054F-417C-A4B8-9A907FB8EA56}.Debug|Any CPU.Build.0 = Debug|Any CPU
		{40F16352-054F-417C-A4B8-9A907FB8EA56}.Release|Any CPU.ActiveCfg = Release|Any CPU
		{40F16352-054F-417C-A4B8-9A907FB8EA56}.Release|Any CPU.Build.0 = Release|Any CPU
	EndGlobalSection
	GlobalSection(NestedProjects) = preSolution
	EndGlobalSection
EndGlobal
